
Microsoft Visual Studio Solution File, Format Version 12.00
# Visual Studio Version 16
VisualStudioVersion = 16.0.31624.102
MinimumVisualStudioVersion = 10.0.40219.1
Project("{FAE04EC0-301F-11D3-BF4B-00C04F79EFBC}") = "Selenium2", "Selenium2\Selenium2.csproj", "{6B3FA0F8-94E2-44B4-A7E5-90EB3BE932C3}"
EndProject
Global
	GlobalSection(SolutionConfigurationPlatforms) = preSolution
		Debug|Any CPU = Debug|Any CPU
		Release|Any CPU = Release|Any CPU
	EndGlobalSection
	GlobalSection(ProjectConfigurationPlatforms) = postSolution
		{6B3FA0F8-94E2-44B4-A7E5-90EB3BE932C3}.Debug|Any CPU.ActiveCfg = Debug|Any CPU
		{6B3FA0F8-94E2-44B4-A7E5-90EB3BE932C3}.Debug|Any CPU.Build.0 = Debug|Any CPU
		{6B3FA0F8-94E2-44B4-A7E5-90EB3BE932C3}.Release|Any CPU.ActiveCfg = Release|Any CPU
		{6B3FA0F8-94E2-44B4-A7E5-90EB3BE932C3}.Release|Any CPU.Build.0 = Release|Any CPU
	EndGlobalSection
	GlobalSection(SolutionProperties) = preSolution
		HideSolutionNode = FALSE
	EndGlobalSection
	GlobalSection(ExtensibilityGlobals) = postSolution
		SolutionGuid = {69887906-825F-4EE3-8DA2-341FCD24DA97}
	EndGlobalSection
EndGlobal
